// !$*UTF8*$!
{
	archiveVersion = 1;
	classes = {
	};
	objectVersion = 46;
	objects = {

/* Begin PBXBuildFile section */
		0DE3183F1A90C76200FFA143 /* AppDelegate.swift in Sources */ = {isa = PBXBuildFile; fileRef = 0DE3183E1A90C76200FFA143 /* AppDelegate.swift */; };
		0DE318441A90C76200FFA143 /* Main.storyboard in Resources */ = {isa = PBXBuildFile; fileRef = 0DE318421A90C76200FFA143 /* Main.storyboard */; };
		0DE318461A90C76200FFA143 /* Images.xcassets in Resources */ = {isa = PBXBuildFile; fileRef = 0DE318451A90C76200FFA143 /* Images.xcassets */; };
		0DE318491A90C76200FFA143 /* LaunchScreen.xib in Resources */ = {isa = PBXBuildFile; fileRef = 0DE318471A90C76200FFA143 /* LaunchScreen.xib */; };
		0DE318551A90C76200FFA143 /* PsychologistTests.swift in Sources */ = {isa = PBXBuildFile; fileRef = 0DE318541A90C76200FFA143 /* PsychologistTests.swift */; };
		0DE318631A90C83F00FFA143 /* PsychologistViewController.swift in Sources */ = {isa = PBXBuildFile; fileRef = 0DE318621A90C83F00FFA143 /* PsychologistViewController.swift */; };
		0DE318661A90CEE500FFA143 /* FaceView.swift in Sources */ = {isa = PBXBuildFile; fileRef = 0DE318641A90CEE500FFA143 /* FaceView.swift */; };
		0DE318671A90CEE500FFA143 /* HappinessViewController.swift in Sources */ = {isa = PBXBuildFile; fileRef = 0DE318651A90CEE500FFA143 /* HappinessViewController.swift */; };
		0DE3186B1A90F65D00FFA143 /* TextViewController.swift in Sources */ = {isa = PBXBuildFile; fileRef = 0DE3186A1A90F65D00FFA143 /* TextViewController.swift */; };
		0DE3186D1A90F86C00FFA143 /* DiagnosedHappinessViewController.swift in Sources */ = {isa = PBXBuildFile; fileRef = 0DE3186C1A90F86C00FFA143 /* DiagnosedHappinessViewController.swift */; };
/* End PBXBuildFile section */

/* Begin PBXContainerItemProxy section */
		0DE3184F1A90C76200FFA143 /* PBXContainerItemProxy */ = {
			isa = PBXContainerItemProxy;
			containerPortal = 0DE318311A90C76100FFA143 /* Project object */;
			proxyType = 1;
			remoteGlobalIDString = 0DE318381A90C76200FFA143;
			remoteInfo = Psychologist;
		};
/* End PBXContainerItemProxy section */

/* Begin PBXFileReference section */
		0DE318391A90C76200FFA143 /* Psychologist.app */ = {isa = PBXFileReference; explicitFileType = wrapper.application; includeInIndex = 0; path = Psychologist.app; sourceTree = BUILT_PRODUCTS_DIR; };
		0DE3183D1A90C76200FFA143 /* Info.plist */ = {isa = PBXFileReference; lastKnownFileType = text.plist.xml; path = Info.plist; sourceTree = "<group>"; };
		0DE3183E1A90C76200FFA143 /* AppDelegate.swift */ = {isa = PBXFileReference; lastKnownFileType = sourcecode.swift; path = AppDelegate.swift; sourceTree = "<group>"; };
		0DE318431A90C76200FFA143 /* Base */ = {isa = PBXFileReference; lastKnownFileType = file.storyboard; name = Base; path = Base.lproj/Main.storyboard; sourceTree = "<group>"; };
		0DE318451A90C76200FFA143 /* Images.xcassets */ = {isa = PBXFileReference; lastKnownFileType = folder.assetcatalog; path = Images.xcassets; sourceTree = "<group>"; };
		0DE318481A90C76200FFA143 /* Base */ = {isa = PBXFileReference; lastKnownFileType = file.xib; name = Base; path = Base.lproj/LaunchScreen.xib; sourceTree = "<group>"; };
		0DE3184E1A90C76200FFA143 /* PsychologistTests.xctest */ = {isa = PBXFileReference; explicitFileType = wrapper.cfbundle; includeInIndex = 0; path = PsychologistTests.xctest; sourceTree = BUILT_PRODUCTS_DIR; };
		0DE318531A90C76200FFA143 /* Info.plist */ = {isa = PBXFileReference; lastKnownFileType = text.plist.xml; path = Info.plist; sourceTree = "<group>"; };
		0DE318541A90C76200FFA143 /* PsychologistTests.swift */ = {isa = PBXFileReference; lastKnownFileType = sourcecode.swift; path = PsychologistTests.swift; sourceTree = "<group>"; };
		0DE318621A90C83F00FFA143 /* PsychologistViewController.swift */ = {isa = PBXFileReference; fileEncoding = 4; lastKnownFileType = sourcecode.swift; path = PsychologistViewController.swift; sourceTree = "<group>"; };
		0DE318641A90CEE500FFA143 /* FaceView.swift */ = {isa = PBXFileReference; fileEncoding = 4; lastKnownFileType = sourcecode.swift; path = FaceView.swift; sourceTree = "<group>"; };
		0DE318651A90CEE500FFA143 /* HappinessViewController.swift */ = {isa = PBXFileReference; fileEncoding = 4; lastKnownFileType = sourcecode.swift; path = HappinessViewController.swift; sourceTree = "<group>"; };
		0DE3186A1A90F65D00FFA143 /* TextViewController.swift */ = {isa = PBXFileReference; fileEncoding = 4; lastKnownFileType = sourcecode.swift; path = TextViewController.swift; sourceTree = "<group>"; };
		0DE3186C1A90F86C00FFA143 /* DiagnosedHappinessViewController.swift */ = {isa = PBXFileReference; fileEncoding = 4; lastKnownFileType = sourcecode.swift; path = DiagnosedHappinessViewController.swift; sourceTree = "<group>"; };
/* End PBXFileReference section */

/* Begin PBXFrameworksBuildPhase section */
		0DE318361A90C76200FFA143 /* Frameworks */ = {
			isa = PBXFrameworksBuildPhase;
			buildActionMask = 2147483647;
			files = (
			);
			runOnlyForDeploymentPostprocessing = 0;
		};
		0DE3184B1A90C76200FFA143 /* Frameworks */ = {
			isa = PBXFrameworksBuildPhase;
			buildActionMask = 2147483647;
			files = (
			);
			runOnlyForDeploymentPostprocessing = 0;
		};
/* End PBXFrameworksBuildPhase section */

/* Begin PBXGroup section */
		0DE318301A90C76100FFA143 = {
			isa = PBXGroup;
			children = (
				0DE3183B1A90C76200FFA143 /* Psychologist */,
				0DE318511A90C76200FFA143 /* PsychologistTests */,
				0DE3183A1A90C76200FFA143 /* Products */,
			);
			sourceTree = "<group>";
		};
		0DE3183A1A90C76200FFA143 /* Products */ = {
			isa = PBXGroup;
			children = (
				0DE318391A90C76200FFA143 /* Psychologist.app */,
				0DE3184E1A90C76200FFA143 /* PsychologistTests.xctest */,
			);
			name = Products;
			sourceTree = "<group>";
		};
		0DE3183B1A90C76200FFA143 /* Psychologist */ = {
			isa = PBXGroup;
			children = (
				0DE318641A90CEE500FFA143 /* FaceView.swift */,
				0DE318651A90CEE500FFA143 /* HappinessViewController.swift */,
				0DE3186C1A90F86C00FFA143 /* DiagnosedHappinessViewController.swift */,
				0DE318621A90C83F00FFA143 /* PsychologistViewController.swift */,
				0DE3186A1A90F65D00FFA143 /* TextViewController.swift */,
				0DE318421A90C76200FFA143 /* Main.storyboard */,
				0DE3183C1A90C76200FFA143 /* Supporting Files */,
			);
			path = Psychologist;
			sourceTree = "<group>";
		};
		0DE3183C1A90C76200FFA143 /* Supporting Files */ = {
			isa = PBXGroup;
			children = (
				0DE318471A90C76200FFA143 /* LaunchScreen.xib */,
				0DE318451A90C76200FFA143 /* Images.xcassets */,
				0DE3183E1A90C76200FFA143 /* AppDelegate.swift */,
				0DE3183D1A90C76200FFA143 /* Info.plist */,
			);
			name = "Supporting Files";
			sourceTree = "<group>";
		};
		0DE318511A90C76200FFA143 /* PsychologistTests */ = {
			isa = PBXGroup;
			children = (
				0DE318541A90C76200FFA143 /* PsychologistTests.swift */,
				0DE318521A90C76200FFA143 /* Supporting Files */,
			);
			path = PsychologistTests;
			sourceTree = "<group>";
		};
		0DE318521A90C76200FFA143 /* Supporting Files */ = {
			isa = PBXGroup;
			children = (
				0DE318531A90C76200FFA143 /* Info.plist */,
			);
			name = "Supporting Files";
			sourceTree = "<group>";
		};
/* End PBXGroup section */

/* Begin PBXNativeTarget section */
		0DE318381A90C76200FFA143 /* Psychologist */ = {
			isa = PBXNativeTarget;
			buildConfigurationList = 0DE318581A90C76200FFA143 /* Build configuration list for PBXNativeTarget "Psychologist" */;
			buildPhases = (
				0DE318351A90C76200FFA143 /* Sources */,
				0DE318361A90C76200FFA143 /* Frameworks */,
				0DE318371A90C76200FFA143 /* Resources */,
			);
			buildRules = (
			);
			dependencies = (
			);
			name = Psychologist;
			productName = Psychologist;
			productReference = 0DE318391A90C76200FFA143 /* Psychologist.app */;
			productType = "com.apple.product-type.application";
		};
		0DE3184D1A90C76200FFA143 /* PsychologistTests */ = {
			isa = PBXNativeTarget;
			buildConfigurationList = 0DE3185B1A90C76200FFA143 /* Build configuration list for PBXNativeTarget "PsychologistTests" */;
			buildPhases = (
				0DE3184A1A90C76200FFA143 /* Sources */,
				0DE3184B1A90C76200FFA143 /* Frameworks */,
				0DE3184C1A90C76200FFA143 /* Resources */,
			);
			buildRules = (
			);
			dependencies = (
				0DE318501A90C76200FFA143 /* PBXTargetDependency */,
			);
			name = PsychologistTests;
			productName = PsychologistTests;
			productReference = 0DE3184E1A90C76200FFA143 /* PsychologistTests.xctest */;
			productType = "com.apple.product-type.bundle.unit-test";
		};
/* End PBXNativeTarget section */

/* Begin PBXProject section */
		0DE318311A90C76100FFA143 /* Project object */ = {
			isa = PBXProject;
			attributes = {
				LastSwiftUpdateCheck = 0730;
				LastUpgradeCheck = 0610;
				ORGANIZATIONNAME = "Sriharshaa Sammeta";
				TargetAttributes = {
					0DE318381A90C76200FFA143 = {
						CreatedOnToolsVersion = 6.1.1;
					};
					0DE3184D1A90C76200FFA143 = {
						CreatedOnToolsVersion = 6.1.1;
						TestTargetID = 0DE318381A90C76200FFA143;
					};
				};
			};
			buildConfigurationList = 0DE318341A90C76200FFA143 /* Build configuration list for PBXProject "Psychologist" */;
			compatibilityVersion = "Xcode 3.2";
			developmentRegion = English;
			hasScannedForEncodings = 0;
			knownRegions = (
				en,
				Base,
			);
			mainGroup = 0DE318301A90C76100FFA143;
			productRefGroup = 0DE3183A1A90C76200FFA143 /* Products */;
			projectDirPath = "";
			projectRoot = "";
			targets = (
				0DE318381A90C76200FFA143 /* Psychologist */,
				0DE3184D1A90C76200FFA143 /* PsychologistTests */,
			);
		};
/* End PBXProject section */

/* Begin PBXResourcesBuildPhase section */
		0DE318371A90C76200FFA143 /* Resources */ = {
			isa = PBXResourcesBuildPhase;
			buildActionMask = 2147483647;
			files = (
				0DE318441A90C76200FFA143 /* Main.storyboard in Resources */,
				0DE318491A90C76200FFA143 /* LaunchScreen.xib in Resources */,
				0DE318461A90C76200FFA143 /* Images.xcassets in Resources */,
			);
			runOnlyForDeploymentPostprocessing = 0;
		};
		0DE3184C1A90C76200FFA143 /* Resources */ = {
			isa = PBXResourcesBuildPhase;
			buildActionMask = 2147483647;
			files = (
			);
			runOnlyForDeploymentPostprocessing = 0;
		};
/* End PBXResourcesBuildPhase section */

/* Begin PBXSourcesBuildPhase section */
		0DE318351A90C76200FFA143 /* Sources */ = {
			isa = PBXSourcesBuildPhase;
			buildActionMask = 2147483647;
			files = (
				0DE3186B1A90F65D00FFA143 /* TextViewController.swift in Sources */,
				0DE318631A90C83F00FFA143 /* PsychologistViewController.swift in Sources */,
				0DE3183F1A90C76200FFA143 /* AppDelegate.swift in Sources */,
				0DE3186D1A90F86C00FFA143 /* DiagnosedHappinessViewController.swift in Sources */,
				0DE318671A90CEE500FFA143 /* HappinessViewController.swift in Sources */,
				0DE318661A90CEE500FFA143 /* FaceView.swift in Sources */,
			);
			runOnlyForDeploymentPostprocessing = 0;
		};
		0DE3184A1A90C76200FFA143 /* Sources */ = {
			isa = PBXSourcesBuildPhase;
			buildActionMask = 2147483647;
			files = (
				0DE318551A90C76200FFA143 /* PsychologistTests.swift in Sources */,
			);
			runOnlyForDeploymentPostprocessing = 0;
		};
/* End PBXSourcesBuildPhase section */

/* Begin PBXTargetDependency section */
		0DE318501A90C76200FFA143 /* PBXTargetDependency */ = {
			isa = PBXTargetDependency;
			target = 0DE318381A90C76200FFA143 /* Psychologist */;
			targetProxy = 0DE3184F1A90C76200FFA143 /* PBXContainerItemProxy */;
		};
/* End PBXTargetDependency section */

/* Begin PBXVariantGroup section */
		0DE318421A90C76200FFA143 /* Main.storyboard */ = {
			isa = PBXVariantGroup;
			children = (
				0DE318431A90C76200FFA143 /* Base */,
			);
			name = Main.storyboard;
			sourceTree = "<group>";
		};
		0DE318471A90C76200FFA143 /* LaunchScreen.xib */ = {
			isa = PBXVariantGroup;
			children = (
				0DE318481A90C76200FFA143 /* Base */,
			);
			name = LaunchScreen.xib;
			sourceTree = "<group>";
		};
/* End PBXVariantGroup section */

/* Begin XCBuildConfiguration section */
		0DE318561A90C76200FFA143 /* Debug */ = {
			isa = XCBuildConfiguration;
			buildSettings = {
				ALWAYS_SEARCH_USER_PATHS = NO;
				CLANG_CXX_LANGUAGE_STANDARD = "gnu++0x";
				CLANG_CXX_LIBRARY = "libc++";
				CLANG_ENABLE_MODULES = YES;
				CLANG_ENABLE_OBJC_ARC = YES;
				CLANG_WARN_BOOL_CONVERSION = YES;
				CLANG_WARN_CONSTANT_CONVERSION = YES;
				CLANG_WARN_DIRECT_OBJC_ISA_USAGE = YES_ERROR;
				CLANG_WARN_EMPTY_BODY = YES;
				CLANG_WARN_ENUM_CONVERSION = YES;
				CLANG_WARN_INT_CONVERSION = YES;
				CLANG_WARN_OBJC_ROOT_CLASS = YES_ERROR;
				CLANG_WARN_UNREACHABLE_CODE = YES;
				CLANG_WARN__DUPLICATE_METHOD_MATCH = YES;
				"CODE_SIGN_IDENTITY[sdk=iphoneos*]" = "iPhone Developer";
				COPY_PHASE_STRIP = NO;
				ENABLE_STRICT_OBJC_MSGSEND = YES;
				GCC_C_LANGUAGE_STANDARD = gnu99;
				GCC_DYNAMIC_NO_PIC = NO;
				GCC_OPTIMIZATION_LEVEL = 0;
				GCC_PREPROCESSOR_DEFINITIONS = (
					"DEBUG=1",
					"$(inherited)",
				);
				GCC_SYMBOLS_PRIVATE_EXTERN = NO;
				GCC_WARN_64_TO_32_BIT_CONVERSION = YES;
				GCC_WARN_ABOUT_RETURN_TYPE = YES_ERROR;
				GCC_WARN_UNDECLARED_SELECTOR = YES;
				GCC_WARN_UNINITIALIZED_AUTOS = YES_AGGRESSIVE;
				GCC_WARN_UNUSED_FUNCTION = YES;
				GCC_WARN_UNUSED_VARIABLE = YES;
				IPHONEOS_DEPLOYMENT_TARGET = 8.1;
				MTL_ENABLE_DEBUG_INFO = YES;
				ONLY_ACTIVE_ARCH = YES;
				SDKROOT = iphoneos;
				SWIFT_OPTIMIZATION_LEVEL = "-Onone";
				TARGETED_DEVICE_FAMILY = "1,2";
			};
			name = Debug;
		};
		0DE318571A90C76200FFA143 /* Release */ = {
			isa = XCBuildConfiguration;
			buildSettings = {
				ALWAYS_SEARCH_USER_PATHS = NO;
				CLANG_CXX_LANGUAGE_STANDARD = "gnu++0x";
				CLANG_CXX_LIBRARY = "libc++";
				CLANG_ENABLE_MODULES = YES;
				CLANG_ENABLE_OBJC_ARC = YES;
				CLANG_WARN_BOOL_CONVERSION = YES;
				CLANG_WARN_CONSTANT_CONVERSION = YES;
				CLANG_WARN_DIRECT_OBJC_ISA_USAGE = YES_ERROR;
				CLANG_WARN_EMPTY_BODY = YES;
				CLANG_WARN_ENUM_CONVERSION = YES;
				CLANG_WARN_INT_CONVERSION = YES;
				CLANG_WARN_OBJC_ROOT_CLASS = YES_ERROR;
				CLANG_WARN_UNREACHABLE_CODE = YES;
				CLANG_WARN__DUPLICATE_METHOD_MATCH = YES;
				"CODE_SIGN_IDENTITY[sdk=iphoneos*]" = "iPhone Developer";
				COPY_PHASE_STRIP = YES;
				ENABLE_NS_ASSERTIONS = NO;
				ENABLE_STRICT_OBJC_MSGSEND = YES;
				GCC_C_LANGUAGE_STANDARD = gnu99;
				GCC_WARN_64_TO_32_BIT_CONVERSION = YES;
				GCC_WARN_ABOUT_RETURN_TYPE = YES_ERROR;
				GCC_WARN_UNDECLARED_SELECTOR = YES;
				GCC_WARN_UNINITIALIZED_AUTOS = YES_AGGRESSIVE;
				GCC_WARN_UNUSED_FUNCTION = YES;
				GCC_WARN_UNUSED_VARIABLE = YES;
				IPHONEOS_DEPLOYMENT_TARGET = 8.1;
				MTL_ENABLE_DEBUG_INFO = NO;
				SDKROOT = iphoneos;
				TARGETED_DEVICE_FAMILY = "1,2";
				VALIDATE_PRODUCT = YES;
			};
			name = Release;
		};
		0DE318591A90C76200FFA143 /* Debug */ = {
			isa = XCBuildConfiguration;
			buildSettings = {
				ASSETCATALOG_COMPILER_APPICON_NAME = AppIcon;
				INFOPLIST_FILE = Psychologist/Info.plist;
				LD_RUNPATH_SEARCH_PATHS = "$(inherited) @executable_path/Frameworks";
				PRODUCT_NAME = "$(TARGET_NAME)";
			};
			name = Debug;
		};
		0DE3185A1A90C76200FFA143 /* Release */ = {
			isa = XCBuildConfiguration;
			buildSettings = {
				ASSETCATALOG_COMPILER_APPICON_NAME = AppIcon;
				INFOPLIST_FILE = Psychologist/Info.plist;
				LD_RUNPATH_SEARCH_PATHS = "$(inherited) @executable_path/Frameworks";
				PRODUCT_NAME = "$(TARGET_NAME)";
			};
			name = Release;
		};
		0DE3185C1A90C76200FFA143 /* Debug */ = {
			isa = XCBuildConfiguration;
			buildSettings = {
				BUNDLE_LOADER = "$(TEST_HOST)";
				FRAMEWORK_SEARCH_PATHS = (
					"$(SDKROOT)/Developer/Library/Frameworks",
					"$(inherited)",
				);
				GCC_PREPROCESSOR_DEFINITIONS = (
					"DEBUG=1",
					"$(inherited)",
				);
				INFOPLIST_FILE = PsychologistTests/Info.plist;
				LD_RUNPATH_SEARCH_PATHS = "$(inherited) @executable_path/Frameworks @loader_path/Frameworks";
				PRODUCT_NAME = "$(TARGET_NAME)";
				TEST_HOST = "$(BUILT_PRODUCTS_DIR)/Psychologist.app/Psychologist";
			};
			name = Debug;
		};
		0DE3185D1A90C76200FFA143 /* Release */ = {
			isa = XCBuildConfiguration;
			buildSettings = {
				BUNDLE_LOADER = "$(TEST_HOST)";
				FRAMEWORK_SEARCH_PATHS = (
					"$(SDKROOT)/Developer/Library/Frameworks",
					"$(inherited)",
				);
				INFOPLIST_FILE = PsychologistTests/Info.plist;
				LD_RUNPATH_SEARCH_PATHS = "$(inherited) @executable_path/Frameworks @loader_path/Frameworks";
				PRODUCT_NAME = "$(TARGET_NAME)";
				TEST_HOST = "$(BUILT_PRODUCTS_DIR)/Psychologist.app/Psychologist";
			};
			name = Release;
		};
/* End XCBuildConfiguration section */

/* Begin XCConfigurationList section */
		0DE318341A90C76200FFA143 /* Build configuration list for PBXProject "Psychologist" */ = {
			isa = XCConfigurationList;
			buildConfigurations = (
				0DE318561A90C76200FFA143 /* Debug */,
				0DE318571A90C76200FFA143 /* Release */,
			);
			defaultConfigurationIsVisible = 0;
			defaultConfigurationName = Release;
		};
		0DE318581A90C76200FFA143 /* Build configuration list for PBXNativeTarget "Psychologist" */ = {
			isa = XCConfigurationList;
			buildConfigurations = (
				0DE318591A90C76200FFA143 /* Debug */,
				0DE3185A1A90C76200FFA143 /* Release */,
			);
			defaultConfigurationIsVisible = 0;
			defaultConfigurationName = Release;
		};
		0DE3185B1A90C76200FFA143 /* Build configuration list for PBXNativeTarget "PsychologistTests" */ = {
			isa = XCConfigurationList;
			buildConfigurations = (
				0DE3185C1A90C76200FFA143 /* Debug */,
				0DE3185D1A90C76200FFA143 /* Release */,
			);
			defaultConfigurationIsVisible = 0;
			defaultConfigurationName = Release;
		};
/* End XCConfigurationList section */
	};
	rootObject = 0DE318311A90C76100FFA143 /* Project object */;
}
